
Microsoft Visual Studio Solution File, Format Version 11.00
# Visual Studio 2010
Project("{FAE04EC0-301F-11D3-BF4B-00C04F79EFBC}") = "BalanceBoard", "BalanceBoard\BalanceBoard.csproj", "{7057EAF9-6419-404C-B60E-0EFED2412639}"
EndProject
Project("{FAE04EC0-301F-11D3-BF4B-00C04F79EFBC}") = "MicroLiquidCrystal", "..\..\..\C#\microliquidcrystal-6668\Main\Source\MicroLiquidCrystal\MicroLiquidCrystal.csproj", "{B4B72543-E638-44F1-B096-9BBB6BD4698B}"
EndProject
Project("{FAE04EC0-301F-11D3-BF4B-00C04F79EFBC}") = "HelloWorld", "..\..\..\C#\microliquidcrystal-6668\Main\Source\Examples\HelloWorld\HelloWorld.csproj", "{0A30049C-C9C7-4C6E-B073-3013D0F30E5E}"
EndProject
Project("{FAE04EC0-301F-11D3-BF4B-00C04F79EFBC}") = "ComplexTest", "..\..\..\C#\microliquidcrystal-6668\Main\Source\Examples\ComplexTest\ComplexTest.csproj", "{D464A9A4-F259-4601-BFF7-437E343DD1FC}"
EndProject
Project("{FAE04EC0-301F-11D3-BF4B-00C04F79EFBC}") = "Menu", "Menu\Menu.csproj", "{3A710CC6-B445-407D-8F81-E7CD1692B76F}"
EndProject
Project("{FAE04EC0-301F-11D3-BF4B-00C04F79EFBC}") = "TestPWM", "TestPWM\TestPWM.csproj", "{9ED78E9F-CB80-41B6-9101-F5CD5FA75940}"
EndProject
Global
	GlobalSection(SolutionConfigurationPlatforms) = preSolution
		Debug Emulatore|Any CPU = Debug Emulatore|Any CPU
		Debug|Any CPU = Debug|Any CPU
		Release|Any CPU = Release|Any CPU
	EndGlobalSection
	GlobalSection(ProjectConfigurationPlatforms) = postSolution
		{7057EAF9-6419-404C-B60E-0EFED2412639}.Debug Emulatore|Any CPU.ActiveCfg = Debug Emulatore|Any CPU
		{7057EAF9-6419-404C-B60E-0EFED2412639}.Debug Emulatore|Any CPU.Build.0 = Debug Emulatore|Any CPU
		{7057EAF9-6419-404C-B60E-0EFED2412639}.Debug Emulatore|Any CPU.Deploy.0 = Debug Emulatore|Any CPU
		{7057EAF9-6419-404C-B60E-0EFED2412639}.Debug|Any CPU.ActiveCfg = Debug|Any CPU
		{7057EAF9-6419-404C-B60E-0EFED2412639}.Debug|Any CPU.Build.0 = Debug|Any CPU
		{7057EAF9-6419-404C-B60E-0EFED2412639}.Debug|Any CPU.Deploy.0 = Debug|Any CPU
		{7057EAF9-6419-404C-B60E-0EFED2412639}.Release|Any CPU.ActiveCfg = Release|Any CPU
		{7057EAF9-6419-404C-B60E-0EFED2412639}.Release|Any CPU.Build.0 = Release|Any CPU
		{7057EAF9-6419-404C-B60E-0EFED2412639}.Release|Any CPU.Deploy.0 = Release|Any CPU
		{B4B72543-E638-44F1-B096-9BBB6BD4698B}.Debug Emulatore|Any CPU.ActiveCfg = Debug|Any CPU
		{B4B72543-E638-44F1-B096-9BBB6BD4698B}.Debug Emulatore|Any CPU.Build.0 = Debug|Any CPU
		{B4B72543-E638-44F1-B096-9BBB6BD4698B}.Debug|Any CPU.ActiveCfg = Debug|Any CPU
		{B4B72543-E638-44F1-B096-9BBB6BD4698B}.Debug|Any CPU.Build.0 = Debug|Any CPU
		{B4B72543-E638-44F1-B096-9BBB6BD4698B}.Release|Any CPU.ActiveCfg = Release|Any CPU
		{B4B72543-E638-44F1-B096-9BBB6BD4698B}.Release|Any CPU.Build.0 = Release|Any CPU
		{0A30049C-C9C7-4C6E-B073-3013D0F30E5E}.Debug Emulatore|Any CPU.ActiveCfg = Debug|Any CPU
		{0A30049C-C9C7-4C6E-B073-3013D0F30E5E}.Debug Emulatore|Any CPU.Build.0 = Debug|Any CPU
		{0A30049C-C9C7-4C6E-B073-3013D0F30E5E}.Debug Emulatore|Any CPU.Deploy.0 = Debug|Any CPU
		{0A30049C-C9C7-4C6E-B073-3013D0F30E5E}.Debug|Any CPU.ActiveCfg = Debug|Any CPU
		{0A30049C-C9C7-4C6E-B073-3013D0F30E5E}.Debug|Any CPU.Build.0 = Debug|Any CPU
		{0A30049C-C9C7-4C6E-B073-3013D0F30E5E}.Debug|Any CPU.Deploy.0 = Debug|Any CPU
		{0A30049C-C9C7-4C6E-B073-3013D0F30E5E}.Release|Any CPU.ActiveCfg = Release|Any CPU
		{0A30049C-C9C7-4C6E-B073-3013D0F30E5E}.Release|Any CPU.Build.0 = Release|Any CPU
		{0A30049C-C9C7-4C6E-B073-3013D0F30E5E}.Release|Any CPU.Deploy.0 = Release|Any CPU
		{D464A9A4-F259-4601-BFF7-437E343DD1FC}.Debug Emulatore|Any CPU.ActiveCfg = Debug|Any CPU
		{D464A9A4-F259-4601-BFF7-437E343DD1FC}.Debug Emulatore|Any CPU.Build.0 = Debug|Any CPU
		{D464A9A4-F259-4601-BFF7-437E343DD1FC}.Debug Emulatore|Any CPU.Deploy.0 = Debug|Any CPU
		{D464A9A4-F259-4601-BFF7-437E343DD1FC}.Debug|Any CPU.ActiveCfg = Debug|Any CPU
		{D464A9A4-F259-4601-BFF7-437E343DD1FC}.Debug|Any CPU.Build.0 = Debug|Any CPU
		{D464A9A4-F259-4601-BFF7-437E343DD1FC}.Debug|Any CPU.Deploy.0 = Debug|Any CPU
		{D464A9A4-F259-4601-BFF7-437E343DD1FC}.Release|Any CPU.ActiveCfg = Release|Any CPU
		{D464A9A4-F259-4601-BFF7-437E343DD1FC}.Release|Any CPU.Build.0 = Release|Any CPU
		{D464A9A4-F259-4601-BFF7-437E343DD1FC}.Release|Any CPU.Deploy.0 = Release|Any CPU
		{3A710CC6-B445-407D-8F81-E7CD1692B76F}.Debug Emulatore|Any CPU.ActiveCfg = Debug|Any CPU
		{3A710CC6-B445-407D-8F81-E7CD1692B76F}.Debug Emulatore|Any CPU.Build.0 = Debug|Any CPU
		{3A710CC6-B445-407D-8F81-E7CD1692B76F}.Debug Emulatore|Any CPU.Deploy.0 = Debug|Any CPU
		{3A710CC6-B445-407D-8F81-E7CD1692B76F}.Debug|Any CPU.ActiveCfg = Debug|Any CPU
		{3A710CC6-B445-407D-8F81-E7CD1692B76F}.Debug|Any CPU.Build.0 = Debug|Any CPU
		{3A710CC6-B445-407D-8F81-E7CD1692B76F}.Debug|Any CPU.Deploy.0 = Debug|Any CPU
		{3A710CC6-B445-407D-8F81-E7CD1692B76F}.Release|Any CPU.ActiveCfg = Release|Any CPU
		{3A710CC6-B445-407D-8F81-E7CD1692B76F}.Release|Any CPU.Build.0 = Release|Any CPU
		{3A710CC6-B445-407D-8F81-E7CD1692B76F}.Release|Any CPU.Deploy.0 = Release|Any CPU
		{9ED78E9F-CB80-41B6-9101-F5CD5FA75940}.Debug Emulatore|Any CPU.ActiveCfg = Debug|Any CPU
		{9ED78E9F-CB80-41B6-9101-F5CD5FA75940}.Debug Emulatore|Any CPU.Build.0 = Debug|Any CPU
		{9ED78E9F-CB80-41B6-9101-F5CD5FA75940}.Debug Emulatore|Any CPU.Deploy.0 = Debug|Any CPU
		{9ED78E9F-CB80-41B6-9101-F5CD5FA75940}.Debug|Any CPU.ActiveCfg = Debug|Any CPU
		{9ED78E9F-CB80-41B6-9101-F5CD5FA75940}.Debug|Any CPU.Build.0 = Debug|Any CPU
		{9ED78E9F-CB80-41B6-9101-F5CD5FA75940}.Debug|Any CPU.Deploy.0 = Debug|Any CPU
		{9ED78E9F-CB80-41B6-9101-F5CD5FA75940}.Release|Any CPU.ActiveCfg = Release|Any CPU
		{9ED78E9F-CB80-41B6-9101-F5CD5FA75940}.Release|Any CPU.Build.0 = Release|Any CPU
		{9ED78E9F-CB80-41B6-9101-F5CD5FA75940}.Release|Any CPU.Deploy.0 = Release|Any CPU
	EndGlobalSection
	GlobalSection(SolutionProperties) = preSolution
		HideSolutionNode = FALSE
	EndGlobalSection
EndGlobal
